// !$*UTF8*$!
{
	archiveVersion = 1;
	classes = {
	};
	objectVersion = 46;
	objects = {

/* Begin PBXBuildFile section */
		648CE3D41DC4D18B00CBAC1E /* NetworkClient.swift in Sources */ = {isa = PBXBuildFile; fileRef = 648CE3D31DC4D18B00CBAC1E /* NetworkClient.swift */; };
		648CE3D51DC4D18B00CBAC1E /* NetworkClient.swift in Sources */ = {isa = PBXBuildFile; fileRef = 648CE3D31DC4D18B00CBAC1E /* NetworkClient.swift */; };
		648CE3D71DC4D25C00CBAC1E /* NetworkClientImplementation.swift in Sources */ = {isa = PBXBuildFile; fileRef = 648CE3D61DC4D25C00CBAC1E /* NetworkClientImplementation.swift */; };
		648CE3D81DC4D25C00CBAC1E /* NetworkClientImplementation.swift in Sources */ = {isa = PBXBuildFile; fileRef = 648CE3D61DC4D25C00CBAC1E /* NetworkClientImplementation.swift */; };
		648CE3DC1DC4D57900CBAC1E /* NetworkRequestConstructor.swift in Sources */ = {isa = PBXBuildFile; fileRef = 648CE3DB1DC4D57900CBAC1E /* NetworkRequestConstructor.swift */; };
		648CE3DD1DC4D57900CBAC1E /* NetworkRequestConstructor.swift in Sources */ = {isa = PBXBuildFile; fileRef = 648CE3DB1DC4D57900CBAC1E /* NetworkRequestConstructor.swift */; };
		648CE3DF1DC4D5EE00CBAC1E /* NetworkRequestConstructorImplementation.swift in Sources */ = {isa = PBXBuildFile; fileRef = 648CE3DE1DC4D5EE00CBAC1E /* NetworkRequestConstructorImplementation.swift */; };
		648CE3E01DC4D5EE00CBAC1E /* NetworkRequestConstructorImplementation.swift in Sources */ = {isa = PBXBuildFile; fileRef = 648CE3DE1DC4D5EE00CBAC1E /* NetworkRequestConstructorImplementation.swift */; };
		648CE3E21DC4D6BC00CBAC1E /* URLRequestFactory.swift in Sources */ = {isa = PBXBuildFile; fileRef = 648CE3E11DC4D6BC00CBAC1E /* URLRequestFactory.swift */; };
		648CE3E31DC4D6BC00CBAC1E /* URLRequestFactory.swift in Sources */ = {isa = PBXBuildFile; fileRef = 648CE3E11DC4D6BC00CBAC1E /* URLRequestFactory.swift */; };
		648CE3E51DC4D70D00CBAC1E /* URLRequestFactoryImplementation.swift in Sources */ = {isa = PBXBuildFile; fileRef = 648CE3E41DC4D70D00CBAC1E /* URLRequestFactoryImplementation.swift */; };
		648CE3E61DC4D70D00CBAC1E /* URLRequestFactoryImplementation.swift in Sources */ = {isa = PBXBuildFile; fileRef = 648CE3E41DC4D70D00CBAC1E /* URLRequestFactoryImplementation.swift */; };
		648CE3E91DC4D74D00CBAC1E /* URLRequestFactoryConfiguration.swift in Sources */ = {isa = PBXBuildFile; fileRef = 648CE3E81DC4D74D00CBAC1E /* URLRequestFactoryConfiguration.swift */; };
		648CE3EA1DC4D74D00CBAC1E /* URLRequestFactoryConfiguration.swift in Sources */ = {isa = PBXBuildFile; fileRef = 648CE3E81DC4D74D00CBAC1E /* URLRequestFactoryConfiguration.swift */; };
		648CE3F11DC4DB8500CBAC1E /* AuthorizationServiceProtocol.swift in Sources */ = {isa = PBXBuildFile; fileRef = 648CE3F01DC4DB8500CBAC1E /* AuthorizationServiceProtocol.swift */; };
		648CE3F21DC4DB8500CBAC1E /* AuthorizationServiceProtocol.swift in Sources */ = {isa = PBXBuildFile; fileRef = 648CE3F01DC4DB8500CBAC1E /* AuthorizationServiceProtocol.swift */; };
		648CE3F41DC4DBF400CBAC1E /* TwitterAuthorizationService.swift in Sources */ = {isa = PBXBuildFile; fileRef = 648CE3F31DC4DBF400CBAC1E /* TwitterAuthorizationService.swift */; };
		648CE3F51DC4DBF400CBAC1E /* TwitterAuthorizationService.swift in Sources */ = {isa = PBXBuildFile; fileRef = 648CE3F31DC4DBF400CBAC1E /* TwitterAuthorizationService.swift */; };
		648CE3F71DC4DD4E00CBAC1E /* APIStructure.swift in Sources */ = {isa = PBXBuildFile; fileRef = 648CE3F61DC4DD4E00CBAC1E /* APIStructure.swift */; };
		648CE3F81DC4DD4E00CBAC1E /* APIStructure.swift in Sources */ = {isa = PBXBuildFile; fileRef = 648CE3F61DC4DD4E00CBAC1E /* APIStructure.swift */; };
		648CE3FB1DC4E1A200CBAC1E /* ServiceAssembly.swift in Sources */ = {isa = PBXBuildFile; fileRef = 648CE3FA1DC4E1A200CBAC1E /* ServiceAssembly.swift */; };
		648CE3FC1DC4E1A200CBAC1E /* ServiceAssembly.swift in Sources */ = {isa = PBXBuildFile; fileRef = 648CE3FA1DC4E1A200CBAC1E /* ServiceAssembly.swift */; };
		648CE4031DC4E3E300CBAC1E /* AuthorizationViewController.swift in Sources */ = {isa = PBXBuildFile; fileRef = 648CE4021DC4E3E300CBAC1E /* AuthorizationViewController.swift */; };
		648CE4041DC4E3E300CBAC1E /* AuthorizationViewController.swift in Sources */ = {isa = PBXBuildFile; fileRef = 648CE4021DC4E3E300CBAC1E /* AuthorizationViewController.swift */; };
		6497041A1DC4E97A00323814 /* AuthorizationModuleAssembly.swift in Sources */ = {isa = PBXBuildFile; fileRef = 649704191DC4E97A00323814 /* AuthorizationModuleAssembly.swift */; };
		6497041B1DC4E97A00323814 /* AuthorizationModuleAssembly.swift in Sources */ = {isa = PBXBuildFile; fileRef = 649704191DC4E97A00323814 /* AuthorizationModuleAssembly.swift */; };
		6497041D1DC4EAAF00323814 /* AuthorizationModuleInput.swift in Sources */ = {isa = PBXBuildFile; fileRef = 6497041C1DC4EAAF00323814 /* AuthorizationModuleInput.swift */; };
		6497041E1DC4EAAF00323814 /* AuthorizationModuleInput.swift in Sources */ = {isa = PBXBuildFile; fileRef = 6497041C1DC4EAAF00323814 /* AuthorizationModuleInput.swift */; };
		649704201DC4EAE300323814 /* AuthorizationPresenter.swift in Sources */ = {isa = PBXBuildFile; fileRef = 6497041F1DC4EAE300323814 /* AuthorizationPresenter.swift */; };
		649704211DC4EAE300323814 /* AuthorizationPresenter.swift in Sources */ = {isa = PBXBuildFile; fileRef = 6497041F1DC4EAE300323814 /* AuthorizationPresenter.swift */; };
		649704231DC4EB7B00323814 /* AuthorizationViewOutput.swift in Sources */ = {isa = PBXBuildFile; fileRef = 649704221DC4EB7B00323814 /* AuthorizationViewOutput.swift */; };
		649704241DC4EB7B00323814 /* AuthorizationViewOutput.swift in Sources */ = {isa = PBXBuildFile; fileRef = 649704221DC4EB7B00323814 /* AuthorizationViewOutput.swift */; };
		649704251DC4ED7900323814 /* AppDelegate.swift in Sources */ = {isa = PBXBuildFile; fileRef = 64B2784B1DC4ACC3006DEFFB /* AppDelegate.swift */; };
		649704271DC4EDB500323814 /* ModuleAssembly.swift in Sources */ = {isa = PBXBuildFile; fileRef = 649704261DC4EDB500323814 /* ModuleAssembly.swift */; };
		649704281DC4EDB500323814 /* ModuleAssembly.swift in Sources */ = {isa = PBXBuildFile; fileRef = 649704261DC4EDB500323814 /* ModuleAssembly.swift */; };
		649704311DC50C7A00323814 /* Router.swift in Sources */ = {isa = PBXBuildFile; fileRef = 649704301DC50C7A00323814 /* Router.swift */; };
		649704321DC50C7A00323814 /* Router.swift in Sources */ = {isa = PBXBuildFile; fileRef = 649704301DC50C7A00323814 /* Router.swift */; };
		64B2784C1DC4ACC3006DEFFB /* AppDelegate.swift in Sources */ = {isa = PBXBuildFile; fileRef = 64B2784B1DC4ACC3006DEFFB /* AppDelegate.swift */; };
		64B2784E1DC4ACC3006DEFFB /* ViewController.swift in Sources */ = {isa = PBXBuildFile; fileRef = 64B2784D1DC4ACC3006DEFFB /* ViewController.swift */; };
		64B278511DC4ACC3006DEFFB /* Main.storyboard in Resources */ = {isa = PBXBuildFile; fileRef = 64B2784F1DC4ACC3006DEFFB /* Main.storyboard */; };
		64B278541DC4ACC3006DEFFB /* TweetApp.xcdatamodeld in Sources */ = {isa = PBXBuildFile; fileRef = 64B278521DC4ACC3006DEFFB /* TweetApp.xcdatamodeld */; };
		64B278561DC4ACC3006DEFFB /* Assets.xcassets in Resources */ = {isa = PBXBuildFile; fileRef = 64B278551DC4ACC3006DEFFB /* Assets.xcassets */; };
		64B278591DC4ACC3006DEFFB /* LaunchScreen.storyboard in Resources */ = {isa = PBXBuildFile; fileRef = 64B278571DC4ACC3006DEFFB /* LaunchScreen.storyboard */; };
		64B278641DC4ACC3006DEFFB /* TweetAppTests.swift in Sources */ = {isa = PBXBuildFile; fileRef = 64B278631DC4ACC3006DEFFB /* TweetAppTests.swift */; };
/* End PBXBuildFile section */

/* Begin PBXContainerItemProxy section */
		64B278601DC4ACC3006DEFFB /* PBXContainerItemProxy */ = {
			isa = PBXContainerItemProxy;
			containerPortal = 64B278401DC4ACC3006DEFFB /* Project object */;
			proxyType = 1;
			remoteGlobalIDString = 64B278471DC4ACC3006DEFFB;
			remoteInfo = TweetApp;
		};
/* End PBXContainerItemProxy section */

/* Begin PBXFileReference section */
		648CE3D31DC4D18B00CBAC1E /* NetworkClient.swift */ = {isa = PBXFileReference; fileEncoding = 4; lastKnownFileType = sourcecode.swift; path = NetworkClient.swift; sourceTree = "<group>"; };
		648CE3D61DC4D25C00CBAC1E /* NetworkClientImplementation.swift */ = {isa = PBXFileReference; fileEncoding = 4; lastKnownFileType = sourcecode.swift; path = NetworkClientImplementation.swift; sourceTree = "<group>"; };
		648CE3DB1DC4D57900CBAC1E /* NetworkRequestConstructor.swift */ = {isa = PBXFileReference; fileEncoding = 4; lastKnownFileType = sourcecode.swift; path = NetworkRequestConstructor.swift; sourceTree = "<group>"; };
		648CE3DE1DC4D5EE00CBAC1E /* NetworkRequestConstructorImplementation.swift */ = {isa = PBXFileReference; fileEncoding = 4; lastKnownFileType = sourcecode.swift; path = NetworkRequestConstructorImplementation.swift; sourceTree = "<group>"; };
		648CE3E11DC4D6BC00CBAC1E /* URLRequestFactory.swift */ = {isa = PBXFileReference; fileEncoding = 4; lastKnownFileType = sourcecode.swift; path = URLRequestFactory.swift; sourceTree = "<group>"; };
		648CE3E41DC4D70D00CBAC1E /* URLRequestFactoryImplementation.swift */ = {isa = PBXFileReference; fileEncoding = 4; lastKnownFileType = sourcecode.swift; path = URLRequestFactoryImplementation.swift; sourceTree = "<group>"; };
		648CE3E81DC4D74D00CBAC1E /* URLRequestFactoryConfiguration.swift */ = {isa = PBXFileReference; fileEncoding = 4; lastKnownFileType = sourcecode.swift; path = URLRequestFactoryConfiguration.swift; sourceTree = "<group>"; };
		648CE3F01DC4DB8500CBAC1E /* AuthorizationServiceProtocol.swift */ = {isa = PBXFileReference; fileEncoding = 4; lastKnownFileType = sourcecode.swift; path = AuthorizationServiceProtocol.swift; sourceTree = "<group>"; };
		648CE3F31DC4DBF400CBAC1E /* TwitterAuthorizationService.swift */ = {isa = PBXFileReference; fileEncoding = 4; lastKnownFileType = sourcecode.swift; path = TwitterAuthorizationService.swift; sourceTree = "<group>"; };
		648CE3F61DC4DD4E00CBAC1E /* APIStructure.swift */ = {isa = PBXFileReference; fileEncoding = 4; lastKnownFileType = sourcecode.swift; path = APIStructure.swift; sourceTree = "<group>"; };
		648CE3FA1DC4E1A200CBAC1E /* ServiceAssembly.swift */ = {isa = PBXFileReference; fileEncoding = 4; lastKnownFileType = sourcecode.swift; path = ServiceAssembly.swift; sourceTree = "<group>"; };
		648CE4021DC4E3E300CBAC1E /* AuthorizationViewController.swift */ = {isa = PBXFileReference; fileEncoding = 4; lastKnownFileType = sourcecode.swift; path = AuthorizationViewController.swift; sourceTree = "<group>"; };
		649704191DC4E97A00323814 /* AuthorizationModuleAssembly.swift */ = {isa = PBXFileReference; fileEncoding = 4; lastKnownFileType = sourcecode.swift; path = AuthorizationModuleAssembly.swift; sourceTree = "<group>"; };
		6497041C1DC4EAAF00323814 /* AuthorizationModuleInput.swift */ = {isa = PBXFileReference; fileEncoding = 4; lastKnownFileType = sourcecode.swift; path = AuthorizationModuleInput.swift; sourceTree = "<group>"; };
		6497041F1DC4EAE300323814 /* AuthorizationPresenter.swift */ = {isa = PBXFileReference; fileEncoding = 4; lastKnownFileType = sourcecode.swift; path = AuthorizationPresenter.swift; sourceTree = "<group>"; };
		649704221DC4EB7B00323814 /* AuthorizationViewOutput.swift */ = {isa = PBXFileReference; fileEncoding = 4; lastKnownFileType = sourcecode.swift; path = AuthorizationViewOutput.swift; sourceTree = "<group>"; };
		649704261DC4EDB500323814 /* ModuleAssembly.swift */ = {isa = PBXFileReference; fileEncoding = 4; lastKnownFileType = sourcecode.swift; path = ModuleAssembly.swift; sourceTree = "<group>"; };
		649704301DC50C7A00323814 /* Router.swift */ = {isa = PBXFileReference; fileEncoding = 4; lastKnownFileType = sourcecode.swift; path = Router.swift; sourceTree = "<group>"; };
		64B278481DC4ACC3006DEFFB /* TweetApp.app */ = {isa = PBXFileReference; explicitFileType = wrapper.application; includeInIndex = 0; path = TweetApp.app; sourceTree = BUILT_PRODUCTS_DIR; };
		64B2784B1DC4ACC3006DEFFB /* AppDelegate.swift */ = {isa = PBXFileReference; lastKnownFileType = sourcecode.swift; path = AppDelegate.swift; sourceTree = "<group>"; };
		64B2784D1DC4ACC3006DEFFB /* ViewController.swift */ = {isa = PBXFileReference; lastKnownFileType = sourcecode.swift; path = ViewController.swift; sourceTree = "<group>"; };
		64B278501DC4ACC3006DEFFB /* Base */ = {isa = PBXFileReference; lastKnownFileType = file.storyboard; name = Base; path = Base.lproj/Main.storyboard; sourceTree = "<group>"; };
		64B278531DC4ACC3006DEFFB /* TweetApp.xcdatamodel */ = {isa = PBXFileReference; lastKnownFileType = wrapper.xcdatamodel; path = TweetApp.xcdatamodel; sourceTree = "<group>"; };
		64B278551DC4ACC3006DEFFB /* Assets.xcassets */ = {isa = PBXFileReference; lastKnownFileType = folder.assetcatalog; path = Assets.xcassets; sourceTree = "<group>"; };
		64B278581DC4ACC3006DEFFB /* Base */ = {isa = PBXFileReference; lastKnownFileType = file.storyboard; name = Base; path = Base.lproj/LaunchScreen.storyboard; sourceTree = "<group>"; };
		64B2785A1DC4ACC3006DEFFB /* Info.plist */ = {isa = PBXFileReference; lastKnownFileType = text.plist.xml; path = Info.plist; sourceTree = "<group>"; };
		64B2785F1DC4ACC3006DEFFB /* TweetAppTests.xctest */ = {isa = PBXFileReference; explicitFileType = wrapper.cfbundle; includeInIndex = 0; path = TweetAppTests.xctest; sourceTree = BUILT_PRODUCTS_DIR; };
		64B278631DC4ACC3006DEFFB /* TweetAppTests.swift */ = {isa = PBXFileReference; lastKnownFileType = sourcecode.swift; path = TweetAppTests.swift; sourceTree = "<group>"; };
		64B278651DC4ACC3006DEFFB /* Info.plist */ = {isa = PBXFileReference; lastKnownFileType = text.plist.xml; path = Info.plist; sourceTree = "<group>"; };
/* End PBXFileReference section */

/* Begin PBXFrameworksBuildPhase section */
		64B278451DC4ACC3006DEFFB /* Frameworks */ = {
			isa = PBXFrameworksBuildPhase;
			buildActionMask = 2147483647;
			files = (
			);
			runOnlyForDeploymentPostprocessing = 0;
		};
		64B2785C1DC4ACC3006DEFFB /* Frameworks */ = {
			isa = PBXFrameworksBuildPhase;
			buildActionMask = 2147483647;
			files = (
			);
			runOnlyForDeploymentPostprocessing = 0;
		};
/* End PBXFrameworksBuildPhase section */

/* Begin PBXGroup section */
		648CE3D11DC4BB1000CBAC1E /* Core layer */ = {
			isa = PBXGroup;
			children = (
				648CE3DA1DC4D55B00CBAC1E /* RequestConstructor */,
				648CE3D91DC4D54300CBAC1E /* NetworkClient */,
			);
			name = "Core layer";
			sourceTree = "<group>";
		};
		648CE3D91DC4D54300CBAC1E /* NetworkClient */ = {
			isa = PBXGroup;
			children = (
				648CE3D31DC4D18B00CBAC1E /* NetworkClient.swift */,
				648CE3D61DC4D25C00CBAC1E /* NetworkClientImplementation.swift */,
			);
			name = NetworkClient;
			sourceTree = "<group>";
		};
		648CE3DA1DC4D55B00CBAC1E /* RequestConstructor */ = {
			isa = PBXGroup;
			children = (
				648CE3E71DC4D73500CBAC1E /* URLRequestFactory */,
				648CE3DB1DC4D57900CBAC1E /* NetworkRequestConstructor.swift */,
				648CE3DE1DC4D5EE00CBAC1E /* NetworkRequestConstructorImplementation.swift */,
			);
			name = RequestConstructor;
			sourceTree = "<group>";
		};
		648CE3E71DC4D73500CBAC1E /* URLRequestFactory */ = {
			isa = PBXGroup;
			children = (
				648CE3E81DC4D74D00CBAC1E /* URLRequestFactoryConfiguration.swift */,
				648CE3E11DC4D6BC00CBAC1E /* URLRequestFactory.swift */,
				648CE3E41DC4D70D00CBAC1E /* URLRequestFactoryImplementation.swift */,
			);
			name = URLRequestFactory;
			sourceTree = "<group>";
		};
		648CE3EB1DC4DB0500CBAC1E /* BusinessLogic Layer */ = {
			isa = PBXGroup;
			children = (
				648CE3EC1DC4DB1E00CBAC1E /* Service Layer */,
				648CE3D11DC4BB1000CBAC1E /* Core layer */,
			);
			name = "BusinessLogic Layer";
			sourceTree = "<group>";
		};
		648CE3EC1DC4DB1E00CBAC1E /* Service Layer */ = {
			isa = PBXGroup;
			children = (
				648CE3FA1DC4E1A200CBAC1E /* ServiceAssembly.swift */,
				648CE3F61DC4DD4E00CBAC1E /* APIStructure.swift */,
				648CE3F91DC4E15900CBAC1E /* Authorization */,
			);
			name = "Service Layer";
			sourceTree = "<group>";
		};
		648CE3F91DC4E15900CBAC1E /* Authorization */ = {
			isa = PBXGroup;
			children = (
				648CE3F01DC4DB8500CBAC1E /* AuthorizationServiceProtocol.swift */,
				648CE3F31DC4DBF400CBAC1E /* TwitterAuthorizationService.swift */,
			);
			name = Authorization;
			sourceTree = "<group>";
		};
		648CE3FD1DC4E37300CBAC1E /* Presentation Layer */ = {
			isa = PBXGroup;
			children = (
				649704331DC50E5200323814 /* TweetList module */,
				648CE3FE1DC4E38200CBAC1E /* Authorization module */,
			);
			name = "Presentation Layer";
			sourceTree = "<group>";
		};
		648CE3FE1DC4E38200CBAC1E /* Authorization module */ = {
			isa = PBXGroup;
			children = (
				649704181DC4E62200323814 /* Assembly */,
				648CE4011DC4E3B300CBAC1E /* Presenter */,
				648CE4001DC4E3AC00CBAC1E /* View */,
			);
			name = "Authorization module";
			sourceTree = "<group>";
		};
		648CE4001DC4E3AC00CBAC1E /* View */ = {
			isa = PBXGroup;
			children = (
				648CE4021DC4E3E300CBAC1E /* AuthorizationViewController.swift */,
				649704221DC4EB7B00323814 /* AuthorizationViewOutput.swift */,
			);
			name = View;
			sourceTree = "<group>";
		};
		648CE4011DC4E3B300CBAC1E /* Presenter */ = {
			isa = PBXGroup;
			children = (
				6497041C1DC4EAAF00323814 /* AuthorizationModuleInput.swift */,
				6497041F1DC4EAE300323814 /* AuthorizationPresenter.swift */,
			);
			name = Presenter;
			sourceTree = "<group>";
		};
		649704181DC4E62200323814 /* Assembly */ = {
			isa = PBXGroup;
			children = (
				649704191DC4E97A00323814 /* AuthorizationModuleAssembly.swift */,
			);
			name = Assembly;
			sourceTree = "<group>";
		};
		649704331DC50E5200323814 /* TweetList module */ = {
			isa = PBXGroup;
			children = (
			);
			name = "TweetList module";
			sourceTree = "<group>";
		};
		64B2783F1DC4ACC3006DEFFB = {
			isa = PBXGroup;
			children = (
				64B2784A1DC4ACC3006DEFFB /* TweetApp */,
				64B278621DC4ACC3006DEFFB /* TweetAppTests */,
				64B278491DC4ACC3006DEFFB /* Products */,
			);
			sourceTree = "<group>";
		};
		64B278491DC4ACC3006DEFFB /* Products */ = {
			isa = PBXGroup;
			children = (
				64B278481DC4ACC3006DEFFB /* TweetApp.app */,
				64B2785F1DC4ACC3006DEFFB /* TweetAppTests.xctest */,
			);
			name = Products;
			sourceTree = "<group>";
		};
		64B2784A1DC4ACC3006DEFFB /* TweetApp */ = {
			isa = PBXGroup;
			children = (
				648CE3EB1DC4DB0500CBAC1E /* BusinessLogic Layer */,
				648CE3FD1DC4E37300CBAC1E /* Presentation Layer */,
				64B2784B1DC4ACC3006DEFFB /* AppDelegate.swift */,
				649704261DC4EDB500323814 /* ModuleAssembly.swift */,
				649704301DC50C7A00323814 /* Router.swift */,
				64B2784D1DC4ACC3006DEFFB /* ViewController.swift */,
				64B2784F1DC4ACC3006DEFFB /* Main.storyboard */,
				64B278551DC4ACC3006DEFFB /* Assets.xcassets */,
				64B278571DC4ACC3006DEFFB /* LaunchScreen.storyboard */,
				64B2785A1DC4ACC3006DEFFB /* Info.plist */,
				64B278521DC4ACC3006DEFFB /* TweetApp.xcdatamodeld */,
			);
			path = TweetApp;
			sourceTree = "<group>";
		};
		64B278621DC4ACC3006DEFFB /* TweetAppTests */ = {
			isa = PBXGroup;
			children = (
				64B278631DC4ACC3006DEFFB /* TweetAppTests.swift */,
				64B278651DC4ACC3006DEFFB /* Info.plist */,
			);
			path = TweetAppTests;
			sourceTree = "<group>";
		};
/* End PBXGroup section */

/* Begin PBXNativeTarget section */
		64B278471DC4ACC3006DEFFB /* TweetApp */ = {
			isa = PBXNativeTarget;
			buildConfigurationList = 64B278681DC4ACC3006DEFFB /* Build configuration list for PBXNativeTarget "TweetApp" */;
			buildPhases = (
				64B278441DC4ACC3006DEFFB /* Sources */,
				64B278451DC4ACC3006DEFFB /* Frameworks */,
				64B278461DC4ACC3006DEFFB /* Resources */,
			);
			buildRules = (
			);
			dependencies = (
			);
			name = TweetApp;
			productName = TweetApp;
			productReference = 64B278481DC4ACC3006DEFFB /* TweetApp.app */;
			productType = "com.apple.product-type.application";
		};
		64B2785E1DC4ACC3006DEFFB /* TweetAppTests */ = {
			isa = PBXNativeTarget;
			buildConfigurationList = 64B2786B1DC4ACC3006DEFFB /* Build configuration list for PBXNativeTarget "TweetAppTests" */;
			buildPhases = (
				64B2785B1DC4ACC3006DEFFB /* Sources */,
				64B2785C1DC4ACC3006DEFFB /* Frameworks */,
				64B2785D1DC4ACC3006DEFFB /* Resources */,
			);
			buildRules = (
			);
			dependencies = (
				64B278611DC4ACC3006DEFFB /* PBXTargetDependency */,
			);
			name = TweetAppTests;
			productName = TweetAppTests;
			productReference = 64B2785F1DC4ACC3006DEFFB /* TweetAppTests.xctest */;
			productType = "com.apple.product-type.bundle.unit-test";
		};
/* End PBXNativeTarget section */

/* Begin PBXProject section */
		64B278401DC4ACC3006DEFFB /* Project object */ = {
			isa = PBXProject;
			attributes = {
				LastSwiftUpdateCheck = 0730;
				LastUpgradeCheck = 0730;
				ORGANIZATIONNAME = "Popov Valery";
				TargetAttributes = {
					64B278471DC4ACC3006DEFFB = {
						CreatedOnToolsVersion = 7.3.1;
					};
					64B2785E1DC4ACC3006DEFFB = {
						CreatedOnToolsVersion = 7.3.1;
						TestTargetID = 64B278471DC4ACC3006DEFFB;
					};
				};
			};
			buildConfigurationList = 64B278431DC4ACC3006DEFFB /* Build configuration list for PBXProject "TweetApp" */;
			compatibilityVersion = "Xcode 3.2";
			developmentRegion = English;
			hasScannedForEncodings = 0;
			knownRegions = (
				en,
				Base,
			);
			mainGroup = 64B2783F1DC4ACC3006DEFFB;
			productRefGroup = 64B278491DC4ACC3006DEFFB /* Products */;
			projectDirPath = "";
			projectRoot = "";
			targets = (
				64B278471DC4ACC3006DEFFB /* TweetApp */,
				64B2785E1DC4ACC3006DEFFB /* TweetAppTests */,
			);
		};
/* End PBXProject section */

/* Begin PBXResourcesBuildPhase section */
		64B278461DC4ACC3006DEFFB /* Resources */ = {
			isa = PBXResourcesBuildPhase;
			buildActionMask = 2147483647;
			files = (
				64B278591DC4ACC3006DEFFB /* LaunchScreen.storyboard in Resources */,
				64B278561DC4ACC3006DEFFB /* Assets.xcassets in Resources */,
				64B278511DC4ACC3006DEFFB /* Main.storyboard in Resources */,
			);
			runOnlyForDeploymentPostprocessing = 0;
		};
		64B2785D1DC4ACC3006DEFFB /* Resources */ = {
			isa = PBXResourcesBuildPhase;
			buildActionMask = 2147483647;
			files = (
			);
			runOnlyForDeploymentPostprocessing = 0;
		};
/* End PBXResourcesBuildPhase section */

/* Begin PBXSourcesBuildPhase section */
		64B278441DC4ACC3006DEFFB /* Sources */ = {
			isa = PBXSourcesBuildPhase;
			buildActionMask = 2147483647;
			files = (
				649704201DC4EAE300323814 /* AuthorizationPresenter.swift in Sources */,
				64B2784E1DC4ACC3006DEFFB /* ViewController.swift in Sources */,
				648CE3F71DC4DD4E00CBAC1E /* APIStructure.swift in Sources */,
				648CE3DF1DC4D5EE00CBAC1E /* NetworkRequestConstructorImplementation.swift in Sources */,
				649704311DC50C7A00323814 /* Router.swift in Sources */,
				649704231DC4EB7B00323814 /* AuthorizationViewOutput.swift in Sources */,
				648CE4031DC4E3E300CBAC1E /* AuthorizationViewController.swift in Sources */,
				648CE3FB1DC4E1A200CBAC1E /* ServiceAssembly.swift in Sources */,
				64B278541DC4ACC3006DEFFB /* TweetApp.xcdatamodeld in Sources */,
				648CE3E91DC4D74D00CBAC1E /* URLRequestFactoryConfiguration.swift in Sources */,
				649704271DC4EDB500323814 /* ModuleAssembly.swift in Sources */,
				64B2784C1DC4ACC3006DEFFB /* AppDelegate.swift in Sources */,
				648CE3DC1DC4D57900CBAC1E /* NetworkRequestConstructor.swift in Sources */,
				6497041A1DC4E97A00323814 /* AuthorizationModuleAssembly.swift in Sources */,
				648CE3D71DC4D25C00CBAC1E /* NetworkClientImplementation.swift in Sources */,
				648CE3F41DC4DBF400CBAC1E /* TwitterAuthorizationService.swift in Sources */,
				648CE3E21DC4D6BC00CBAC1E /* URLRequestFactory.swift in Sources */,
				648CE3F11DC4DB8500CBAC1E /* AuthorizationServiceProtocol.swift in Sources */,
				648CE3D41DC4D18B00CBAC1E /* NetworkClient.swift in Sources */,
				6497041D1DC4EAAF00323814 /* AuthorizationModuleInput.swift in Sources */,
				648CE3E51DC4D70D00CBAC1E /* URLRequestFactoryImplementation.swift in Sources */,
			);
			runOnlyForDeploymentPostprocessing = 0;
		};
		64B2785B1DC4ACC3006DEFFB /* Sources */ = {
			isa = PBXSourcesBuildPhase;
			buildActionMask = 2147483647;
			files = (
				649704211DC4EAE300323814 /* AuthorizationPresenter.swift in Sources */,
				648CE3E61DC4D70D00CBAC1E /* URLRequestFactoryImplementation.swift in Sources */,
				648CE3F21DC4DB8500CBAC1E /* AuthorizationServiceProtocol.swift in Sources */,
				648CE3E01DC4D5EE00CBAC1E /* NetworkRequestConstructorImplementation.swift in Sources */,
				648CE3D81DC4D25C00CBAC1E /* NetworkClientImplementation.swift in Sources */,
				648CE3EA1DC4D74D00CBAC1E /* URLRequestFactoryConfiguration.swift in Sources */,
				649704241DC4EB7B00323814 /* AuthorizationViewOutput.swift in Sources */,
				648CE4041DC4E3E300CBAC1E /* AuthorizationViewController.swift in Sources */,
				6497041E1DC4EAAF00323814 /* AuthorizationModuleInput.swift in Sources */,
				64B278641DC4ACC3006DEFFB /* TweetAppTests.swift in Sources */,
				648CE3D51DC4D18B00CBAC1E /* NetworkClient.swift in Sources */,
				649704321DC50C7A00323814 /* Router.swift in Sources */,
				648CE3F81DC4DD4E00CBAC1E /* APIStructure.swift in Sources */,
				649704251DC4ED7900323814 /* AppDelegate.swift in Sources */,
				649704281DC4EDB500323814 /* ModuleAssembly.swift in Sources */,
				6497041B1DC4E97A00323814 /* AuthorizationModuleAssembly.swift in Sources */,
				648CE3E31DC4D6BC00CBAC1E /* URLRequestFactory.swift in Sources */,
				648CE3FC1DC4E1A200CBAC1E /* ServiceAssembly.swift in Sources */,
				648CE3DD1DC4D57900CBAC1E /* NetworkRequestConstructor.swift in Sources */,
				648CE3F51DC4DBF400CBAC1E /* TwitterAuthorizationService.swift in Sources */,
			);
			runOnlyForDeploymentPostprocessing = 0;
		};
/* End PBXSourcesBuildPhase section */

/* Begin PBXTargetDependency section */
		64B278611DC4ACC3006DEFFB /* PBXTargetDependency */ = {
			isa = PBXTargetDependency;
			target = 64B278471DC4ACC3006DEFFB /* TweetApp */;
			targetProxy = 64B278601DC4ACC3006DEFFB /* PBXContainerItemProxy */;
		};
/* End PBXTargetDependency section */

/* Begin PBXVariantGroup section */
		64B2784F1DC4ACC3006DEFFB /* Main.storyboard */ = {
			isa = PBXVariantGroup;
			children = (
				64B278501DC4ACC3006DEFFB /* Base */,
			);
			name = Main.storyboard;
			sourceTree = "<group>";
		};
		64B278571DC4ACC3006DEFFB /* LaunchScreen.storyboard */ = {
			isa = PBXVariantGroup;
			children = (
				64B278581DC4ACC3006DEFFB /* Base */,
			);
			name = LaunchScreen.storyboard;
			sourceTree = "<group>";
		};
/* End PBXVariantGroup section */

/* Begin XCBuildConfiguration section */
		64B278661DC4ACC3006DEFFB /* Debug */ = {
			isa = XCBuildConfiguration;
			buildSettings = {
				ALWAYS_SEARCH_USER_PATHS = NO;
				CLANG_ANALYZER_NONNULL = YES;
				CLANG_CXX_LANGUAGE_STANDARD = "gnu++0x";
				CLANG_CXX_LIBRARY = "libc++";
				CLANG_ENABLE_MODULES = YES;
				CLANG_ENABLE_OBJC_ARC = YES;
				CLANG_WARN_BOOL_CONVERSION = YES;
				CLANG_WARN_CONSTANT_CONVERSION = YES;
				CLANG_WARN_DIRECT_OBJC_ISA_USAGE = YES_ERROR;
				CLANG_WARN_EMPTY_BODY = YES;
				CLANG_WARN_ENUM_CONVERSION = YES;
				CLANG_WARN_INT_CONVERSION = YES;
				CLANG_WARN_OBJC_ROOT_CLASS = YES_ERROR;
				CLANG_WARN_UNREACHABLE_CODE = YES;
				CLANG_WARN__DUPLICATE_METHOD_MATCH = YES;
				"CODE_SIGN_IDENTITY[sdk=iphoneos*]" = "iPhone Developer";
				COPY_PHASE_STRIP = NO;
				DEBUG_INFORMATION_FORMAT = dwarf;
				ENABLE_STRICT_OBJC_MSGSEND = YES;
				ENABLE_TESTABILITY = YES;
				GCC_C_LANGUAGE_STANDARD = gnu99;
				GCC_DYNAMIC_NO_PIC = NO;
				GCC_NO_COMMON_BLOCKS = YES;
				GCC_OPTIMIZATION_LEVEL = 0;
				GCC_PREPROCESSOR_DEFINITIONS = (
					"DEBUG=1",
					"$(inherited)",
				);
				GCC_WARN_64_TO_32_BIT_CONVERSION = YES;
				GCC_WARN_ABOUT_RETURN_TYPE = YES_ERROR;
				GCC_WARN_UNDECLARED_SELECTOR = YES;
				GCC_WARN_UNINITIALIZED_AUTOS = YES_AGGRESSIVE;
				GCC_WARN_UNUSED_FUNCTION = YES;
				GCC_WARN_UNUSED_VARIABLE = YES;
				IPHONEOS_DEPLOYMENT_TARGET = 9.3;
				MTL_ENABLE_DEBUG_INFO = YES;
				ONLY_ACTIVE_ARCH = YES;
				SDKROOT = iphoneos;
				SWIFT_OPTIMIZATION_LEVEL = "-Onone";
			};
			name = Debug;
		};
		64B278671DC4ACC3006DEFFB /* Release */ = {
			isa = XCBuildConfiguration;
			buildSettings = {
				ALWAYS_SEARCH_USER_PATHS = NO;
				CLANG_ANALYZER_NONNULL = YES;
				CLANG_CXX_LANGUAGE_STANDARD = "gnu++0x";
				CLANG_CXX_LIBRARY = "libc++";
				CLANG_ENABLE_MODULES = YES;
				CLANG_ENABLE_OBJC_ARC = YES;
				CLANG_WARN_BOOL_CONVERSION = YES;
				CLANG_WARN_CONSTANT_CONVERSION = YES;
				CLANG_WARN_DIRECT_OBJC_ISA_USAGE = YES_ERROR;
				CLANG_WARN_EMPTY_BODY = YES;
				CLANG_WARN_ENUM_CONVERSION = YES;
				CLANG_WARN_INT_CONVERSION = YES;
				CLANG_WARN_OBJC_ROOT_CLASS = YES_ERROR;
				CLANG_WARN_UNREACHABLE_CODE = YES;
				CLANG_WARN__DUPLICATE_METHOD_MATCH = YES;
				"CODE_SIGN_IDENTITY[sdk=iphoneos*]" = "iPhone Developer";
				COPY_PHASE_STRIP = NO;
				DEBUG_INFORMATION_FORMAT = "dwarf-with-dsym";
				ENABLE_NS_ASSERTIONS = NO;
				ENABLE_STRICT_OBJC_MSGSEND = YES;
				GCC_C_LANGUAGE_STANDARD = gnu99;
				GCC_NO_COMMON_BLOCKS = YES;
				GCC_WARN_64_TO_32_BIT_CONVERSION = YES;
				GCC_WARN_ABOUT_RETURN_TYPE = YES_ERROR;
				GCC_WARN_UNDECLARED_SELECTOR = YES;
				GCC_WARN_UNINITIALIZED_AUTOS = YES_AGGRESSIVE;
				GCC_WARN_UNUSED_FUNCTION = YES;
				GCC_WARN_UNUSED_VARIABLE = YES;
				IPHONEOS_DEPLOYMENT_TARGET = 9.3;
				MTL_ENABLE_DEBUG_INFO = NO;
				SDKROOT = iphoneos;
				VALIDATE_PRODUCT = YES;
			};
			name = Release;
		};
		64B278691DC4ACC3006DEFFB /* Debug */ = {
			isa = XCBuildConfiguration;
			buildSettings = {
				ASSETCATALOG_COMPILER_APPICON_NAME = AppIcon;
				INFOPLIST_FILE = TweetApp/Info.plist;
				LD_RUNPATH_SEARCH_PATHS = "$(inherited) @executable_path/Frameworks";
				PRODUCT_BUNDLE_IDENTIFIER = complexityclass.TweetApp;
				PRODUCT_NAME = "$(TARGET_NAME)";
			};
			name = Debug;
		};
		64B2786A1DC4ACC3006DEFFB /* Release */ = {
			isa = XCBuildConfiguration;
			buildSettings = {
				ASSETCATALOG_COMPILER_APPICON_NAME = AppIcon;
				INFOPLIST_FILE = TweetApp/Info.plist;
				LD_RUNPATH_SEARCH_PATHS = "$(inherited) @executable_path/Frameworks";
				PRODUCT_BUNDLE_IDENTIFIER = complexityclass.TweetApp;
				PRODUCT_NAME = "$(TARGET_NAME)";
			};
			name = Release;
		};
		64B2786C1DC4ACC3006DEFFB /* Debug */ = {
			isa = XCBuildConfiguration;
			buildSettings = {
				BUNDLE_LOADER = "$(TEST_HOST)";
				INFOPLIST_FILE = TweetAppTests/Info.plist;
				LD_RUNPATH_SEARCH_PATHS = "$(inherited) @executable_path/Frameworks @loader_path/Frameworks";
				PRODUCT_BUNDLE_IDENTIFIER = complexityclass.TweetAppTests;
				PRODUCT_NAME = "$(TARGET_NAME)";
				TEST_HOST = "$(BUILT_PRODUCTS_DIR)/TweetApp.app/TweetApp";
			};
			name = Debug;
		};
		64B2786D1DC4ACC3006DEFFB /* Release */ = {
			isa = XCBuildConfiguration;
			buildSettings = {
				BUNDLE_LOADER = "$(TEST_HOST)";
				INFOPLIST_FILE = TweetAppTests/Info.plist;
				LD_RUNPATH_SEARCH_PATHS = "$(inherited) @executable_path/Frameworks @loader_path/Frameworks";
				PRODUCT_BUNDLE_IDENTIFIER = complexityclass.TweetAppTests;
				PRODUCT_NAME = "$(TARGET_NAME)";
				TEST_HOST = "$(BUILT_PRODUCTS_DIR)/TweetApp.app/TweetApp";
			};
			name = Release;
		};
/* End XCBuildConfiguration section */

/* Begin XCConfigurationList section */
		64B278431DC4ACC3006DEFFB /* Build configuration list for PBXProject "TweetApp" */ = {
			isa = XCConfigurationList;
			buildConfigurations = (
				64B278661DC4ACC3006DEFFB /* Debug */,
				64B278671DC4ACC3006DEFFB /* Release */,
			);
			defaultConfigurationIsVisible = 0;
			defaultConfigurationName = Release;
		};
		64B278681DC4ACC3006DEFFB /* Build configuration list for PBXNativeTarget "TweetApp" */ = {
			isa = XCConfigurationList;
			buildConfigurations = (
				64B278691DC4ACC3006DEFFB /* Debug */,
				64B2786A1DC4ACC3006DEFFB /* Release */,
			);
			defaultConfigurationIsVisible = 0;
			defaultConfigurationName = Release;
		};
		64B2786B1DC4ACC3006DEFFB /* Build configuration list for PBXNativeTarget "TweetAppTests" */ = {
			isa = XCConfigurationList;
			buildConfigurations = (
				64B2786C1DC4ACC3006DEFFB /* Debug */,
				64B2786D1DC4ACC3006DEFFB /* Release */,
			);
			defaultConfigurationIsVisible = 0;
			defaultConfigurationName = Release;
		};
/* End XCConfigurationList section */

/* Begin XCVersionGroup section */
		64B278521DC4ACC3006DEFFB /* TweetApp.xcdatamodeld */ = {
			isa = XCVersionGroup;
			children = (
				64B278531DC4ACC3006DEFFB /* TweetApp.xcdatamodel */,
			);
			currentVersion = 64B278531DC4ACC3006DEFFB /* TweetApp.xcdatamodel */;
			path = TweetApp.xcdatamodeld;
			sourceTree = "<group>";
			versionGroupType = wrapper.xcdatamodel;
		};
/* End XCVersionGroup section */
	};
	rootObject = 64B278401DC4ACC3006DEFFB /* Project object */;
}
